// !$*UTF8*$!
{
	archiveVersion = 1;
	classes = {
	};
	objectVersion = 56;
	objects = {

/* Begin PBXBuildFile section */
		2D95EE672A35FF3700056817 /* AppDelegate.swift in Sources */ = {isa = PBXBuildFile; fileRef = 2D95EE662A35FF3700056817 /* AppDelegate.swift */; };
		2D95EE692A35FF3700056817 /* ContentView.swift in Sources */ = {isa = PBXBuildFile; fileRef = 2D95EE682A35FF3700056817 /* ContentView.swift */; };
		2D95EE6D2A35FF3B00056817 /* Assets.xcassets in Resources */ = {isa = PBXBuildFile; fileRef = 2D95EE6C2A35FF3B00056817 /* Assets.xcassets */; };
		2D95EE702A35FF3B00056817 /* Preview Assets.xcassets in Resources */ = {isa = PBXBuildFile; fileRef = 2D95EE6F2A35FF3B00056817 /* Preview Assets.xcassets */; };
		2D95EE7A2A35FF3B00056817 /* AR_TestTests.swift in Sources */ = {isa = PBXBuildFile; fileRef = 2D95EE792A35FF3B00056817 /* AR_TestTests.swift */; };
		2D95EE842A35FF3B00056817 /* AR_TestUITests.swift in Sources */ = {isa = PBXBuildFile; fileRef = 2D95EE832A35FF3B00056817 /* AR_TestUITests.swift */; };
		2D95EE862A35FF3B00056817 /* AR_TestUITestsLaunchTests.swift in Sources */ = {isa = PBXBuildFile; fileRef = 2D95EE852A35FF3B00056817 /* AR_TestUITestsLaunchTests.swift */; };
		2D95EE932A3602BA00056817 /* golf.rcproject in Sources */ = {isa = PBXBuildFile; fileRef = 2D95EE922A3602BA00056817 /* golf.rcproject */; };
/* End PBXBuildFile section */

/* Begin PBXContainerItemProxy section */
		2D95EE762A35FF3B00056817 /* PBXContainerItemProxy */ = {
			isa = PBXContainerItemProxy;
			containerPortal = 2D95EE5B2A35FF3700056817 /* Project object */;
			proxyType = 1;
			remoteGlobalIDString = 2D95EE622A35FF3700056817;
			remoteInfo = AR_Test;
		};
		2D95EE802A35FF3B00056817 /* PBXContainerItemProxy */ = {
			isa = PBXContainerItemProxy;
			containerPortal = 2D95EE5B2A35FF3700056817 /* Project object */;
			proxyType = 1;
			remoteGlobalIDString = 2D95EE622A35FF3700056817;
			remoteInfo = AR_Test;
		};
/* End PBXContainerItemProxy section */

/* Begin PBXFileReference section */
		2D95EE632A35FF3700056817 /* AR_Test.app */ = {isa = PBXFileReference; explicitFileType = wrapper.application; includeInIndex = 0; path = AR_Test.app; sourceTree = BUILT_PRODUCTS_DIR; };
		2D95EE662A35FF3700056817 /* AppDelegate.swift */ = {isa = PBXFileReference; lastKnownFileType = sourcecode.swift; path = AppDelegate.swift; sourceTree = "<group>"; };
		2D95EE682A35FF3700056817 /* ContentView.swift */ = {isa = PBXFileReference; lastKnownFileType = sourcecode.swift; path = ContentView.swift; sourceTree = "<group>"; };
		2D95EE6C2A35FF3B00056817 /* Assets.xcassets */ = {isa = PBXFileReference; lastKnownFileType = folder.assetcatalog; path = Assets.xcassets; sourceTree = "<group>"; };
		2D95EE6F2A35FF3B00056817 /* Preview Assets.xcassets */ = {isa = PBXFileReference; lastKnownFileType = folder.assetcatalog; path = "Preview Assets.xcassets"; sourceTree = "<group>"; };
		2D95EE752A35FF3B00056817 /* AR_TestTests.xctest */ = {isa = PBXFileReference; explicitFileType = wrapper.cfbundle; includeInIndex = 0; path = AR_TestTests.xctest; sourceTree = BUILT_PRODUCTS_DIR; };
		2D95EE792A35FF3B00056817 /* AR_TestTests.swift */ = {isa = PBXFileReference; lastKnownFileType = sourcecode.swift; path = AR_TestTests.swift; sourceTree = "<group>"; };
		2D95EE7F2A35FF3B00056817 /* AR_TestUITests.xctest */ = {isa = PBXFileReference; explicitFileType = wrapper.cfbundle; includeInIndex = 0; path = AR_TestUITests.xctest; sourceTree = BUILT_PRODUCTS_DIR; };
		2D95EE832A35FF3B00056817 /* AR_TestUITests.swift */ = {isa = PBXFileReference; lastKnownFileType = sourcecode.swift; path = AR_TestUITests.swift; sourceTree = "<group>"; };
		2D95EE852A35FF3B00056817 /* AR_TestUITestsLaunchTests.swift */ = {isa = PBXFileReference; lastKnownFileType = sourcecode.swift; path = AR_TestUITestsLaunchTests.swift; sourceTree = "<group>"; };
		2D95EE922A3602BA00056817 /* golf.rcproject */ = {isa = PBXFileReference; lastKnownFileType = file.rcproject; path = golf.rcproject; sourceTree = "<group>"; };
/* End PBXFileReference section */

/* Begin PBXFrameworksBuildPhase section */
		2D95EE602A35FF3700056817 /* Frameworks */ = {
			isa = PBXFrameworksBuildPhase;
			buildActionMask = 2147483647;
			files = (
			);
			runOnlyForDeploymentPostprocessing = 0;
		};
		2D95EE722A35FF3B00056817 /* Frameworks */ = {
			isa = PBXFrameworksBuildPhase;
			buildActionMask = 2147483647;
			files = (
			);
			runOnlyForDeploymentPostprocessing = 0;
		};
		2D95EE7C2A35FF3B00056817 /* Frameworks */ = {
			isa = PBXFrameworksBuildPhase;
			buildActionMask = 2147483647;
			files = (
			);
			runOnlyForDeploymentPostprocessing = 0;
		};
/* End PBXFrameworksBuildPhase section */

/* Begin PBXGroup section */
		2D95EE5A2A35FF3700056817 = {
			isa = PBXGroup;
			children = (
				2D95EE652A35FF3700056817 /* AR_Test */,
				2D95EE782A35FF3B00056817 /* AR_TestTests */,
				2D95EE822A35FF3B00056817 /* AR_TestUITests */,
				2D95EE642A35FF3700056817 /* Products */,
			);
			sourceTree = "<group>";
		};
		2D95EE642A35FF3700056817 /* Products */ = {
			isa = PBXGroup;
			children = (
				2D95EE632A35FF3700056817 /* AR_Test.app */,
				2D95EE752A35FF3B00056817 /* AR_TestTests.xctest */,
				2D95EE7F2A35FF3B00056817 /* AR_TestUITests.xctest */,
			);
			name = Products;
			sourceTree = "<group>";
		};
		2D95EE652A35FF3700056817 /* AR_Test */ = {
			isa = PBXGroup;
			children = (
				2D95EE662A35FF3700056817 /* AppDelegate.swift */,
				2D95EE682A35FF3700056817 /* ContentView.swift */,
				2D95EE922A3602BA00056817 /* golf.rcproject */,
				2D95EE6C2A35FF3B00056817 /* Assets.xcassets */,
				2D95EE6E2A35FF3B00056817 /* Preview Content */,
			);
			path = AR_Test;
			sourceTree = "<group>";
		};
		2D95EE6E2A35FF3B00056817 /* Preview Content */ = {
			isa = PBXGroup;
			children = (
				2D95EE6F2A35FF3B00056817 /* Preview Assets.xcassets */,
			);
			path = "Preview Content";
			sourceTree = "<group>";
		};
		2D95EE782A35FF3B00056817 /* AR_TestTests */ = {
			isa = PBXGroup;
			children = (
				2D95EE792A35FF3B00056817 /* AR_TestTests.swift */,
			);
			path = AR_TestTests;
			sourceTree = "<group>";
		};
		2D95EE822A35FF3B00056817 /* AR_TestUITests */ = {
			isa = PBXGroup;
			children = (
				2D95EE832A35FF3B00056817 /* AR_TestUITests.swift */,
				2D95EE852A35FF3B00056817 /* AR_TestUITestsLaunchTests.swift */,
			);
			path = AR_TestUITests;
			sourceTree = "<group>";
		};
/* End PBXGroup section */

/* Begin PBXNativeTarget section */
		2D95EE622A35FF3700056817 /* AR_Test */ = {
			isa = PBXNativeTarget;
			buildConfigurationList = 2D95EE892A35FF3B00056817 /* Build configuration list for PBXNativeTarget "AR_Test" */;
			buildPhases = (
				2D95EE5F2A35FF3700056817 /* Sources */,
				2D95EE602A35FF3700056817 /* Frameworks */,
				2D95EE612A35FF3700056817 /* Resources */,
			);
			buildRules = (
			);
			dependencies = (
			);
			name = AR_Test;
			productName = AR_Test;
			productReference = 2D95EE632A35FF3700056817 /* AR_Test.app */;
			productType = "com.apple.product-type.application";
		};
		2D95EE742A35FF3B00056817 /* AR_TestTests */ = {
			isa = PBXNativeTarget;
			buildConfigurationList = 2D95EE8C2A35FF3B00056817 /* Build configuration list for PBXNativeTarget "AR_TestTests" */;
			buildPhases = (
				2D95EE712A35FF3B00056817 /* Sources */,
				2D95EE722A35FF3B00056817 /* Frameworks */,
				2D95EE732A35FF3B00056817 /* Resources */,
			);
			buildRules = (
			);
			dependencies = (
				2D95EE772A35FF3B00056817 /* PBXTargetDependency */,
			);
			name = AR_TestTests;
			productName = AR_TestTests;
			productReference = 2D95EE752A35FF3B00056817 /* AR_TestTests.xctest */;
			productType = "com.apple.product-type.bundle.unit-test";
		};
		2D95EE7E2A35FF3B00056817 /* AR_TestUITests */ = {
			isa = PBXNativeTarget;
			buildConfigurationList = 2D95EE8F2A35FF3B00056817 /* Build configuration list for PBXNativeTarget "AR_TestUITests" */;
			buildPhases = (
				2D95EE7B2A35FF3B00056817 /* Sources */,
				2D95EE7C2A35FF3B00056817 /* Frameworks */,
				2D95EE7D2A35FF3B00056817 /* Resources */,
			);
			buildRules = (
			);
			dependencies = (
				2D95EE812A35FF3B00056817 /* PBXTargetDependency */,
			);
			name = AR_TestUITests;
			productName = AR_TestUITests;
			productReference = 2D95EE7F2A35FF3B00056817 /* AR_TestUITests.xctest */;
			productType = "com.apple.product-type.bundle.ui-testing";
		};
/* End PBXNativeTarget section */

/* Begin PBXProject section */
		2D95EE5B2A35FF3700056817 /* Project object */ = {
			isa = PBXProject;
			attributes = {
				BuildIndependentTargetsInParallel = 1;
				LastSwiftUpdateCheck = 1420;
				LastUpgradeCheck = 1420;
				TargetAttributes = {
					2D95EE622A35FF3700056817 = {
						CreatedOnToolsVersion = 14.2;
					};
					2D95EE742A35FF3B00056817 = {
						CreatedOnToolsVersion = 14.2;
						TestTargetID = 2D95EE622A35FF3700056817;
					};
					2D95EE7E2A35FF3B00056817 = {
						CreatedOnToolsVersion = 14.2;
						TestTargetID = 2D95EE622A35FF3700056817;
					};
				};
			};
			buildConfigurationList = 2D95EE5E2A35FF3700056817 /* Build configuration list for PBXProject "AR_Test" */;
			compatibilityVersion = "Xcode 14.0";
			developmentRegion = en;
			hasScannedForEncodings = 0;
			knownRegions = (
				en,
				Base,
			);
			mainGroup = 2D95EE5A2A35FF3700056817;
			productRefGroup = 2D95EE642A35FF3700056817 /* Products */;
			projectDirPath = "";
			projectRoot = "";
			targets = (
				2D95EE622A35FF3700056817 /* AR_Test */,
				2D95EE742A35FF3B00056817 /* AR_TestTests */,
				2D95EE7E2A35FF3B00056817 /* AR_TestUITests */,
			);
		};
/* End PBXProject section */

/* Begin PBXResourcesBuildPhase section */
		2D95EE612A35FF3700056817 /* Resources */ = {
			isa = PBXResourcesBuildPhase;
			buildActionMask = 2147483647;
			files = (
				2D95EE702A35FF3B00056817 /* Preview Assets.xcassets in Resources */,
				2D95EE6D2A35FF3B00056817 /* Assets.xcassets in Resources */,
			);
			runOnlyForDeploymentPostprocessing = 0;
		};
		2D95EE732A35FF3B00056817 /* Resources */ = {
			isa = PBXResourcesBuildPhase;
			buildActionMask = 2147483647;
			files = (
			);
			runOnlyForDeploymentPostprocessing = 0;
		};
		2D95EE7D2A35FF3B00056817 /* Resources */ = {
			isa = PBXResourcesBuildPhase;
			buildActionMask = 2147483647;
			files = (
			);
			runOnlyForDeploymentPostprocessing = 0;
		};
/* End PBXResourcesBuildPhase section */

/* Begin PBXSourcesBuildPhase section */
		2D95EE5F2A35FF3700056817 /* Sources */ = {
			isa = PBXSourcesBuildPhase;
			buildActionMask = 2147483647;
			files = (
				2D95EE932A3602BA00056817 /* golf.rcproject in Sources */,
				2D95EE692A35FF3700056817 /* ContentView.swift in Sources */,
				2D95EE672A35FF3700056817 /* AppDelegate.swift in Sources */,
			);
			runOnlyForDeploymentPostprocessing = 0;
		};
		2D95EE712A35FF3B00056817 /* Sources */ = {
			isa = PBXSourcesBuildPhase;
			buildActionMask = 2147483647;
			files = (
				2D95EE7A2A35FF3B00056817 /* AR_TestTests.swift in Sources */,
			);
			runOnlyForDeploymentPostprocessing = 0;
		};
		2D95EE7B2A35FF3B00056817 /* Sources */ = {
			isa = PBXSourcesBuildPhase;
			buildActionMask = 2147483647;
			files = (
				2D95EE842A35FF3B00056817 /* AR_TestUITests.swift in Sources */,
				2D95EE862A35FF3B00056817 /* AR_TestUITestsLaunchTests.swift in Sources */,
			);
			runOnlyForDeploymentPostprocessing = 0;
		};
/* End PBXSourcesBuildPhase section */

/* Begin PBXTargetDependency section */
		2D95EE772A35FF3B00056817 /* PBXTargetDependency */ = {
			isa = PBXTargetDependency;
			target = 2D95EE622A35FF3700056817 /* AR_Test */;
			targetProxy = 2D95EE762A35FF3B00056817 /* PBXContainerItemProxy */;
		};
		2D95EE812A35FF3B00056817 /* PBXTargetDependency */ = {
			isa = PBXTargetDependency;
			target = 2D95EE622A35FF3700056817 /* AR_Test */;
			targetProxy = 2D95EE802A35FF3B00056817 /* PBXContainerItemProxy */;
		};
/* End PBXTargetDependency section */

/* Begin XCBuildConfiguration section */
		2D95EE872A35FF3B00056817 /* Debug */ = {
			isa = XCBuildConfiguration;
			buildSettings = {
				ALWAYS_SEARCH_USER_PATHS = NO;
				CLANG_ANALYZER_NONNULL = YES;
				CLANG_ANALYZER_NUMBER_OBJECT_CONVERSION = YES_AGGRESSIVE;
				CLANG_CXX_LANGUAGE_STANDARD = "gnu++20";
				CLANG_ENABLE_MODULES = YES;
				CLANG_ENABLE_OBJC_ARC = YES;
				CLANG_ENABLE_OBJC_WEAK = YES;
				CLANG_WARN_BLOCK_CAPTURE_AUTORELEASING = YES;
				CLANG_WARN_BOOL_CONVERSION = YES;
				CLANG_WARN_COMMA = YES;
				CLANG_WARN_CONSTANT_CONVERSION = YES;
				CLANG_WARN_DEPRECATED_OBJC_IMPLEMENTATIONS = YES;
				CLANG_WARN_DIRECT_OBJC_ISA_USAGE = YES_ERROR;
				CLANG_WARN_DOCUMENTATION_COMMENTS = YES;
				CLANG_WARN_EMPTY_BODY = YES;
				CLANG_WARN_ENUM_CONVERSION = YES;
				CLANG_WARN_INFINITE_RECURSION = YES;
				CLANG_WARN_INT_CONVERSION = YES;
				CLANG_WARN_NON_LITERAL_NULL_CONVERSION = YES;
				CLANG_WARN_OBJC_IMPLICIT_RETAIN_SELF = YES;
				CLANG_WARN_OBJC_LITERAL_CONVERSION = YES;
				CLANG_WARN_OBJC_ROOT_CLASS = YES_ERROR;
				CLANG_WARN_QUOTED_INCLUDE_IN_FRAMEWORK_HEADER = YES;
				CLANG_WARN_RANGE_LOOP_ANALYSIS = YES;
				CLANG_WARN_STRICT_PROTOTYPES = YES;
				CLANG_WARN_SUSPICIOUS_MOVE = YES;
				CLANG_WARN_UNGUARDED_AVAILABILITY = YES_AGGRESSIVE;
				CLANG_WARN_UNREACHABLE_CODE = YES;
				CLANG_WARN__DUPLICATE_METHOD_MATCH = YES;
				COPY_PHASE_STRIP = NO;
				DEBUG_INFORMATION_FORMAT = dwarf;
				ENABLE_STRICT_OBJC_MSGSEND = YES;
				ENABLE_TESTABILITY = YES;
				GCC_C_LANGUAGE_STANDARD = gnu11;
				GCC_DYNAMIC_NO_PIC = NO;
				GCC_NO_COMMON_BLOCKS = YES;
				GCC_OPTIMIZATION_LEVEL = 0;
				GCC_PREPROCESSOR_DEFINITIONS = (
					"DEBUG=1",
					"$(inherited)",
				);
				GCC_WARN_64_TO_32_BIT_CONVERSION = YES;
				GCC_WARN_ABOUT_RETURN_TYPE = YES_ERROR;
				GCC_WARN_UNDECLARED_SELECTOR = YES;
				GCC_WARN_UNINITIALIZED_AUTOS = YES_AGGRESSIVE;
				GCC_WARN_UNUSED_FUNCTION = YES;
				GCC_WARN_UNUSED_VARIABLE = YES;
				IPHONEOS_DEPLOYMENT_TARGET = 16.2;
				MTL_ENABLE_DEBUG_INFO = INCLUDE_SOURCE;
				MTL_FAST_MATH = YES;
				ONLY_ACTIVE_ARCH = YES;
				SDKROOT = iphoneos;
				SWIFT_ACTIVE_COMPILATION_CONDITIONS = DEBUG;
				SWIFT_OPTIMIZATION_LEVEL = "-Onone";
			};
			name = Debug;
		};
		2D95EE882A35FF3B00056817 /* Release */ = {
			isa = XCBuildConfiguration;
			buildSettings = {
				ALWAYS_SEARCH_USER_PATHS = NO;
				CLANG_ANALYZER_NONNULL = YES;
				CLANG_ANALYZER_NUMBER_OBJECT_CONVERSION = YES_AGGRESSIVE;
				CLANG_CXX_LANGUAGE_STANDARD = "gnu++20";
				CLANG_ENABLE_MODULES = YES;
				CLANG_ENABLE_OBJC_ARC = YES;
				CLANG_ENABLE_OBJC_WEAK = YES;
				CLANG_WARN_BLOCK_CAPTURE_AUTORELEASING = YES;
				CLANG_WARN_BOOL_CONVERSION = YES;
				CLANG_WARN_COMMA = YES;
				CLANG_WARN_CONSTANT_CONVERSION = YES;
				CLANG_WARN_DEPRECATED_OBJC_IMPLEMENTATIONS = YES;
				CLANG_WARN_DIRECT_OBJC_ISA_USAGE = YES_ERROR;
				CLANG_WARN_DOCUMENTATION_COMMENTS = YES;
				CLANG_WARN_EMPTY_BODY = YES;
				CLANG_WARN_ENUM_CONVERSION = YES;
				CLANG_WARN_INFINITE_RECURSION = YES;
				CLANG_WARN_INT_CONVERSION = YES;
				CLANG_WARN_NON_LITERAL_NULL_CONVERSION = YES;
				CLANG_WARN_OBJC_IMPLICIT_RETAIN_SELF = YES;
				CLANG_WARN_OBJC_LITERAL_CONVERSION = YES;
				CLANG_WARN_OBJC_ROOT_CLASS = YES_ERROR;
				CLANG_WARN_QUOTED_INCLUDE_IN_FRAMEWORK_HEADER = YES;
				CLANG_WARN_RANGE_LOOP_ANALYSIS = YES;
				CLANG_WARN_STRICT_PROTOTYPES = YES;
				CLANG_WARN_SUSPICIOUS_MOVE = YES;
				CLANG_WARN_UNGUARDED_AVAILABILITY = YES_AGGRESSIVE;
				CLANG_WARN_UNREACHABLE_CODE = YES;
				CLANG_WARN__DUPLICATE_METHOD_MATCH = YES;
				COPY_PHASE_STRIP = NO;
				DEBUG_INFORMATION_FORMAT = "dwarf-with-dsym";
				ENABLE_NS_ASSERTIONS = NO;
				ENABLE_STRICT_OBJC_MSGSEND = YES;
				GCC_C_LANGUAGE_STANDARD = gnu11;
				GCC_NO_COMMON_BLOCKS = YES;
				GCC_WARN_64_TO_32_BIT_CONVERSION = YES;
				GCC_WARN_ABOUT_RETURN_TYPE = YES_ERROR;
				GCC_WARN_UNDECLARED_SELECTOR = YES;
				GCC_WARN_UNINITIALIZED_AUTOS = YES_AGGRESSIVE;
				GCC_WARN_UNUSED_FUNCTION = YES;
				GCC_WARN_UNUSED_VARIABLE = YES;
				IPHONEOS_DEPLOYMENT_TARGET = 16.2;
				MTL_ENABLE_DEBUG_INFO = NO;
				MTL_FAST_MATH = YES;
				SDKROOT = iphoneos;
				SWIFT_COMPILATION_MODE = wholemodule;
				SWIFT_OPTIMIZATION_LEVEL = "-O";
				VALIDATE_PRODUCT = YES;
			};
			name = Release;
		};
		2D95EE8A2A35FF3B00056817 /* Debug */ = {
			isa = XCBuildConfiguration;
			buildSettings = {
				ASSETCATALOG_COMPILER_APPICON_NAME = AppIcon;
				ASSETCATALOG_COMPILER_GLOBAL_ACCENT_COLOR_NAME = AccentColor;
				CODE_SIGN_STYLE = Automatic;
				CURRENT_PROJECT_VERSION = 1;
				DEVELOPMENT_ASSET_PATHS = "\"AR_Test/Preview Content\"";
				DEVELOPMENT_TEAM = 963582VL6Z;
				ENABLE_PREVIEWS = YES;
				GENERATE_INFOPLIST_FILE = YES;
				INFOPLIST_KEY_NSCameraUsageDescription = "";
				INFOPLIST_KEY_UIApplicationSupportsIndirectInputEvents = YES;
				INFOPLIST_KEY_UILaunchScreen_Generation = YES;
				INFOPLIST_KEY_UIRequiredDeviceCapabilities = arkit;
				INFOPLIST_KEY_UIStatusBarHidden = YES;
				INFOPLIST_KEY_UISupportedInterfaceOrientations_iPad = "UIInterfaceOrientationPortrait UIInterfaceOrientationPortraitUpsideDown UIInterfaceOrientationLandscapeLeft UIInterfaceOrientationLandscapeRight";
				INFOPLIST_KEY_UISupportedInterfaceOrientations_iPhone = "UIInterfaceOrientationPortrait UIInterfaceOrientationLandscapeLeft UIInterfaceOrientationLandscapeRight";
				LD_RUNPATH_SEARCH_PATHS = (
					"$(inherited)",
					"@executable_path/Frameworks",
				);
				MARKETING_VERSION = 1.0;
				PRODUCT_BUNDLE_IDENTIFIER = "dizwe.AR-Test";
				PRODUCT_NAME = "$(TARGET_NAME)";
				SWIFT_EMIT_LOC_STRINGS = YES;
				SWIFT_VERSION = 5.0;
				TARGETED_DEVICE_FAMILY = "1,2";
			};
			name = Debug;
		};
		2D95EE8B2A35FF3B00056817 /* Release */ = {
			isa = XCBuildConfiguration;
			buildSettings = {
				ASSETCATALOG_COMPILER_APPICON_NAME = AppIcon;
				ASSETCATALOG_COMPILER_GLOBAL_ACCENT_COLOR_NAME = AccentColor;
				CODE_SIGN_STYLE = Automatic;
				CURRENT_PROJECT_VERSION = 1;
				DEVELOPMENT_ASSET_PATHS = "\"AR_Test/Preview Content\"";
				DEVELOPMENT_TEAM = 963582VL6Z;
				ENABLE_PREVIEWS = YES;
				GENERATE_INFOPLIST_FILE = YES;
				INFOPLIST_KEY_NSCameraUsageDescription = "";
				INFOPLIST_KEY_UIApplicationSupportsIndirectInputEvents = YES;
				INFOPLIST_KEY_UILaunchScreen_Generation = YES;
				INFOPLIST_KEY_UIRequiredDeviceCapabilities = arkit;
				INFOPLIST_KEY_UIStatusBarHidden = YES;
				INFOPLIST_KEY_UISupportedInterfaceOrientations_iPad = "UIInterfaceOrientationPortrait UIInterfaceOrientationPortraitUpsideDown UIInterfaceOrientationLandscapeLeft UIInterfaceOrientationLandscapeRight";
				INFOPLIST_KEY_UISupportedInterfaceOrientations_iPhone = "UIInterfaceOrientationPortrait UIInterfaceOrientationLandscapeLeft UIInterfaceOrientationLandscapeRight";
				LD_RUNPATH_SEARCH_PATHS = (
					"$(inherited)",
					"@executable_path/Frameworks",
				);
				MARKETING_VERSION = 1.0;
				PRODUCT_BUNDLE_IDENTIFIER = "dizwe.AR-Test";
				PRODUCT_NAME = "$(TARGET_NAME)";
				SWIFT_EMIT_LOC_STRINGS = YES;
				SWIFT_VERSION = 5.0;
				TARGETED_DEVICE_FAMILY = "1,2";
			};
			name = Release;
		};
		2D95EE8D2A35FF3B00056817 /* Debug */ = {
			isa = XCBuildConfiguration;
			buildSettings = {
				ALWAYS_EMBED_SWIFT_STANDARD_LIBRARIES = YES;
				BUNDLE_LOADER = "$(TEST_HOST)";
				CODE_SIGN_STYLE = Automatic;
				CURRENT_PROJECT_VERSION = 1;
				GENERATE_INFOPLIST_FILE = YES;
				IPHONEOS_DEPLOYMENT_TARGET = 16.2;
				MARKETING_VERSION = 1.0;
				PRODUCT_BUNDLE_IDENTIFIER = "dizwe.AR-TestTests";
				PRODUCT_NAME = "$(TARGET_NAME)";
				SWIFT_EMIT_LOC_STRINGS = NO;
				SWIFT_VERSION = 5.0;
				TARGETED_DEVICE_FAMILY = "1,2";
				TEST_HOST = "$(BUILT_PRODUCTS_DIR)/AR_Test.app/$(BUNDLE_EXECUTABLE_FOLDER_PATH)/AR_Test";
			};
			name = Debug;
		};
		2D95EE8E2A35FF3B00056817 /* Release */ = {
			isa = XCBuildConfiguration;
			buildSettings = {
				ALWAYS_EMBED_SWIFT_STANDARD_LIBRARIES = YES;
				BUNDLE_LOADER = "$(TEST_HOST)";
				CODE_SIGN_STYLE = Automatic;
				CURRENT_PROJECT_VERSION = 1;
				GENERATE_INFOPLIST_FILE = YES;
				IPHONEOS_DEPLOYMENT_TARGET = 16.2;
				MARKETING_VERSION = 1.0;
				PRODUCT_BUNDLE_IDENTIFIER = "dizwe.AR-TestTests";
				PRODUCT_NAME = "$(TARGET_NAME)";
				SWIFT_EMIT_LOC_STRINGS = NO;
				SWIFT_VERSION = 5.0;
				TARGETED_DEVICE_FAMILY = "1,2";
				TEST_HOST = "$(BUILT_PRODUCTS_DIR)/AR_Test.app/$(BUNDLE_EXECUTABLE_FOLDER_PATH)/AR_Test";
			};
			name = Release;
		};
		2D95EE902A35FF3B00056817 /* Debug */ = {
			isa = XCBuildConfiguration;
			buildSettings = {
				ALWAYS_EMBED_SWIFT_STANDARD_LIBRARIES = YES;
				CODE_SIGN_STYLE = Automatic;
				CURRENT_PROJECT_VERSION = 1;
				GENERATE_INFOPLIST_FILE = YES;
				MARKETING_VERSION = 1.0;
				PRODUCT_BUNDLE_IDENTIFIER = "dizwe.AR-TestUITests";
				PRODUCT_NAME = "$(TARGET_NAME)";
				SWIFT_EMIT_LOC_STRINGS = NO;
				SWIFT_VERSION = 5.0;
				TARGETED_DEVICE_FAMILY = "1,2";
				TEST_TARGET_NAME = AR_Test;
			};
			name = Debug;
		};
		2D95EE912A35FF3B00056817 /* Release */ = {
			isa = XCBuildConfiguration;
			buildSettings = {
				ALWAYS_EMBED_SWIFT_STANDARD_LIBRARIES = YES;
				CODE_SIGN_STYLE = Automatic;
				CURRENT_PROJECT_VERSION = 1;
				GENERATE_INFOPLIST_FILE = YES;
				MARKETING_VERSION = 1.0;
				PRODUCT_BUNDLE_IDENTIFIER = "dizwe.AR-TestUITests";
				PRODUCT_NAME = "$(TARGET_NAME)";
				SWIFT_EMIT_LOC_STRINGS = NO;
				SWIFT_VERSION = 5.0;
				TARGETED_DEVICE_FAMILY = "1,2";
				TEST_TARGET_NAME = AR_Test;
			};
			name = Release;
		};
/* End XCBuildConfiguration section */

/* Begin XCConfigurationList section */
		2D95EE5E2A35FF3700056817 /* Build configuration list for PBXProject "AR_Test" */ = {
			isa = XCConfigurationList;
			buildConfigurations = (
				2D95EE872A35FF3B00056817 /* Debug */,
				2D95EE882A35FF3B00056817 /* Release */,
			);
			defaultConfigurationIsVisible = 0;
			defaultConfigurationName = Release;
		};
		2D95EE892A35FF3B00056817 /* Build configuration list for PBXNativeTarget "AR_Test" */ = {
			isa = XCConfigurationList;
			buildConfigurations = (
				2D95EE8A2A35FF3B00056817 /* Debug */,
				2D95EE8B2A35FF3B00056817 /* Release */,
			);
			defaultConfigurationIsVisible = 0;
			defaultConfigurationName = Release;
		};
		2D95EE8C2A35FF3B00056817 /* Build configuration list for PBXNativeTarget "AR_TestTests" */ = {
			isa = XCConfigurationList;
			buildConfigurations = (
				2D95EE8D2A35FF3B00056817 /* Debug */,
				2D95EE8E2A35FF3B00056817 /* Release */,
			);
			defaultConfigurationIsVisible = 0;
			defaultConfigurationName = Release;
		};
		2D95EE8F2A35FF3B00056817 /* Build configuration list for PBXNativeTarget "AR_TestUITests" */ = {
			isa = XCConfigurationList;
			buildConfigurations = (
				2D95EE902A35FF3B00056817 /* Debug */,
				2D95EE912A35FF3B00056817 /* Release */,
			);
			defaultConfigurationIsVisible = 0;
			defaultConfigurationName = Release;
		};
/* End XCConfigurationList section */
	};
	rootObject = 2D95EE5B2A35FF3700056817 /* Project object */;
}
